{
  "name": "platform-announcement",
  "version": "1.0.0",
  "lockfileVersion": 2,
  "requires": true,
  "packages": {
    "": {
      "name": "platform-announcement",
      "version": "1.0.0",
      "license": "ISC",
      "dependencies": {
        "feed": "^4.2.2",
        "lowdb": "^3.0.0"
      }
    },
    "node_modules/feed": {
      "version": "4.2.2",
      "resolved": "https://registry.npmjs.org/feed/-/feed-4.2.2.tgz",
      "integrity": "sha512-u5/sxGfiMfZNtJ3OvQpXcvotFpYkL0n9u9mM2vkui2nGo8b4wvDkJ8gAkYqbA8QpGyFCv3RK0Z+Iv+9veCS9bQ==",
      "dependencies": {
        "xml-js": "^1.6.11"
      },
      "engines": {
        "node": ">=0.4.0"
      }
    },
    "node_modules/lowdb": {
      "version": "3.0.0",
      "resolved": "https://registry.npmjs.org/lowdb/-/lowdb-3.0.0.tgz",
      "integrity": "sha512-9KZRulmIcU8fZuWiaM0d5e2/nPnrFyXkeXVpqT+MJS+vgbgOf1EbtvgQmba8HwUFgDl1oeZR6XqEJnkJmQdKmg==",
      "dependencies": {
        "steno": "^2.1.0"
      },
      "engines": {
        "node": "^12.20.0 || ^14.13.1 || >=16.0.0"
      },
      "funding": {
        "url": "https://github.com/sponsors/typicode"
      }
    },
    "node_modules/sax": {
      "version": "1.4.1",
      "resolved": "https://registry.npmjs.org/sax/-/sax-1.4.1.tgz",
      "integrity": "sha512-+aWOz7yVScEGoKNd4PA10LZ8sk0A/z5+nXQG5giUO5rprX9jgYsTdov9qCchZiPIZezbZH+jRut8nPodFAX4Jg=="
    },
    "node_modules/steno": {
      "version": "2.1.0",
      "resolved": "https://registry.npmjs.org/steno/-/steno-2.1.0.tgz",
      "integrity": "sha512-mauOsiaqTNGFkWqIfwcm3y/fq+qKKaIWf1vf3ocOuTdco9XoHCO2AGF1gFYXuZFSWuP38Q8LBHBGJv2KnJSXyA==",
      "engines": {
        "node": "^14.13.1 || >=16.0.0"
      },
      "funding": {
        "url": "https://github.com/sponsors/typicode"
      }
    },
    "node_modules/xml-js": {
      "version": "1.6.11",
      "resolved": "https://registry.npmjs.org/xml-js/-/xml-js-1.6.11.tgz",
      "integrity": "sha512-7rVi2KMfwfWFl+GpPg6m80IVMWXLRjO+PxTq7V2CDhoGak0wzYzFgUY2m4XJ47OGdXd8eLE8EmwfAmdjw7lC1g==",
      "dependencies": {
        "sax": "^1.2.4"
      },
      "bin": {
        "xml-js": "bin/cli.js"
      }
    }
  },
  "dependencies": {
    "feed": {
      "version": "4.2.2",
      "resolved": "https://registry.npmjs.org/feed/-/feed-4.2.2.tgz",
      "integrity": "sha512-u5/sxGfiMfZNtJ3OvQpXcvotFpYkL0n9u9mM2vkui2nGo8b4wvDkJ8gAkYqbA8QpGyFCv3RK0Z+Iv+9veCS9bQ==",
      "requires": {
        "xml-js": "^1.6.11"
      }
    },
    "lowdb": {
      "version": "3.0.0",
      "resolved": "https://registry.npmjs.org/lowdb/-/lowdb-3.0.0.tgz",
      "integrity": "sha512-9KZRulmIcU8fZuWiaM0d5e2/nPnrFyXkeXVpqT+MJS+vgbgOf1EbtvgQmba8HwUFgDl1oeZR6XqEJnkJmQdKmg==",
      "requires": {
        "steno": "^2.1.0"
      }
    },
    "sax": {
      "version": "1.4.1",
      "resolved": "https://registry.npmjs.org/sax/-/sax-1.4.1.tgz",
      "integrity": "sha512-+aWOz7yVScEGoKNd4PA10LZ8sk0A/z5+nXQG5giUO5rprX9jgYsTdov9qCchZiPIZezbZH+jRut8nPodFAX4Jg=="
    },
    "steno": {
      "version": "2.1.0",
      "resolved": "https://registry.npmjs.org/steno/-/steno-2.1.0.tgz",
      "integrity": "sha512-mauOsiaqTNGFkWqIfwcm3y/fq+qKKaIWf1vf3ocOuTdco9XoHCO2AGF1gFYXuZFSWuP38Q8LBHBGJv2KnJSXyA=="
    },
    "xml-js": {
      "version": "1.6.11",
      "resolved": "https://registry.npmjs.org/xml-js/-/xml-js-1.6.11.tgz",
      "integrity": "sha512-7rVi2KMfwfWFl+GpPg6m80IVMWXLRjO+PxTq7V2CDhoGak0wzYzFgUY2m4XJ47OGdXd8eLE8EmwfAmdjw7lC1g==",
      "requires": {
        "sax": "^1.2.4"
      }
    }
  }
}
