# THIS IS AN AUTOGENERATED FILE. DO NOT EDIT THIS FILE DIRECTLY.
# yarn lockfile v1


"lowdb@^3.0.0":
  "integrity" "sha512-9KZRulmIcU8fZuWiaM0d5e2/nPnrFyXkeXVpqT+MJS+vgbgOf1EbtvgQmba8HwUFgDl1oeZR6XqEJnkJmQdKmg=="
  "resolved" "https://registry.npmjs.org/lowdb/-/lowdb-3.0.0.tgz"
  "version" "3.0.0"
  dependencies:
    "steno" "^2.1.0"

"steno@^2.1.0":
  "integrity" "sha512-mauOsiaqTNGFkWqIfwcm3y/fq+qKKaIWf1vf3ocOuTdco9XoHCO2AGF1gFYXuZFSWuP38Q8LBHBGJv2KnJSXyA=="
  "resolved" "https://registry.npmjs.org/steno/-/steno-2.1.0.tgz"
  "version" "2.1.0"
