# THIS IS AN AUTOGENERATED FILE. DO NOT EDIT THIS FILE DIRECTLY.
# yarn lockfile v1


lodash@^4.17.21:
  version "4.17.21"
  resolved "https://registry.yarnpkg.com/lodash/-/lodash-4.17.21.tgz#679591c564c3bffaae8454cf0b3df370c3d6911c"
  integrity sha512-v2kDEe57lecTulaDIuNTPy3Ry4gLGJ6Z1O3vE1krgXZNrsQ+LFTGHVxVjcXPs17LhbZVGedAJv8XZ1tvj5FvSg==

lowdb@^3.0.0:
  version "3.0.0"
  resolved "https://registry.yarnpkg.com/lowdb/-/lowdb-3.0.0.tgz#c10ab4e7eb86f1cbe255e35e60ffb0c6f42049e0"
  integrity sha512-9KZRulmIcU8fZuWiaM0d5e2/nPnrFyXkeXVpqT+MJS+vgbgOf1EbtvgQmba8HwUFgDl1oeZR6XqEJnkJmQdKmg==
  dependencies:
    steno "^2.1.0"

steno@^2.1.0:
  version "2.1.0"
  resolved "https://registry.yarnpkg.com/steno/-/steno-2.1.0.tgz#05a9c378ce42ed04f642cda6fcb41787a10e4e33"
  integrity sha512-mauOsiaqTNGFkWqIfwcm3y/fq+qKKaIWf1vf3ocOuTdco9XoHCO2AGF1gFYXuZFSWuP38Q8LBHBGJv2KnJSXyA==
